
Microsoft Visual Studio Solution File, Format Version 12.00
# Visual Studio 15
VisualStudioVersion = 15.0.28307.421
MinimumVisualStudioVersion = 10.0.40219.1
Project("{FAE04EC0-301F-11D3-BF4B-00C04F79EFBC}") = "async_s7_client", "async_s7_client\async_s7_client.csproj", "{091CEB72-A5BD-4A62-8673-4A1C45FF28E5}"
EndProject
Global
	GlobalSection(SolutionConfigurationPlatforms) = preSolution
		Debug|Any CPU = Debug|Any CPU
		Release|Any CPU = Release|Any CPU
	EndGlobalSection
	GlobalSection(ProjectConfigurationPlatforms) = postSolution
		{091CEB72-A5BD-4A62-8673-4A1C45FF28E5}.Debug|Any CPU.ActiveCfg = Debug|Any CPU
		{091CEB72-A5BD-4A62-8673-4A1C45FF28E5}.Debug|Any CPU.Build.0 = Debug|Any CPU
		{091CEB72-A5BD-4A62-8673-4A1C45FF28E5}.Release|Any CPU.ActiveCfg = Release|Any CPU
		{091CEB72-A5BD-4A62-8673-4A1C45FF28E5}.Release|Any CPU.Build.0 = Release|Any CPU
	EndGlobalSection
	GlobalSection(SolutionProperties) = preSolution
		HideSolutionNode = FALSE
	EndGlobalSection
	GlobalSection(ExtensibilityGlobals) = postSolution
		SolutionGuid = {6073C074-C0D0-4EA1-BFDB-94272569B006}
	EndGlobalSection
EndGlobal
